
Microsoft Visual Studio Solution File, Format Version 12.00
# Visual Studio Version 17
VisualStudioVersion = 17.8.34309.116
MinimumVisualStudioVersion = 10.0.40219.1
Project("{9A19103F-16F7-4668-BE54-9A1E7A4F7556}") = "MyWebApp", "MyWebApp.csproj", "{EF8874B9-BA73-42A3-A3FF-A03EDC5048BC}"
EndProject
Global
	GlobalSection(SolutionConfigurationPlatforms) = preSolution
		Debug|Any CPU = Debug|Any CPU
		Release|Any CPU = Release|Any CPU
	EndGlobalSection
	GlobalSection(ProjectConfigurationPlatforms) = postSolution
		{EF8874B9-BA73-42A3-A3FF-A03EDC5048BC}.Debug|Any CPU.ActiveCfg = Debug|Any CPU
		{EF8874B9-BA73-42A3-A3FF-A03EDC5048BC}.Debug|Any CPU.Build.0 = Debug|Any CPU
		{EF8874B9-BA73-42A3-A3FF-A03EDC5048BC}.Release|Any CPU.ActiveCfg = Release|Any CPU
		{EF8874B9-BA73-42A3-A3FF-A03EDC5048BC}.Release|Any CPU.Build.0 = Release|Any CPU
	EndGlobalSection
	GlobalSection(SolutionProperties) = preSolution
		HideSolutionNode = FALSE
	EndGlobalSection
	GlobalSection(ExtensibilityGlobals) = postSolution
		SolutionGuid = {3D868449-7166-46C0-9FE3-BBF0574F3228}
	EndGlobalSection
EndGlobal
